
Microsoft Visual Studio Solution File, Format Version 12.00
# Visual Studio Version 17
VisualStudioVersion = 17.10.35013.160
MinimumVisualStudioVersion = 10.0.40219.1
Project("{9A19103F-16F7-4668-BE54-9A1E7A4F7556}") = "cli1", "cli1\cli1.csproj", "{29C7EC73-62FB-46E7-A21C-73CE07760743}"
EndProject
Project("{2150E333-8FDC-42A3-9474-1A3956D46DE8}") = "Solution Items", "Solution Items", "{D6C8610C-2FEA-46C3-ADD9-5B0D5D020D03}"
EndProject
Global
	GlobalSection(SolutionConfigurationPlatforms) = preSolution
		Debug|Any CPU = Debug|Any CPU
		Release|Any CPU = Release|Any CPU
	EndGlobalSection
	GlobalSection(ProjectConfigurationPlatforms) = postSolution
		{29C7EC73-62FB-46E7-A21C-73CE07760743}.Debug|Any CPU.ActiveCfg = Debug|Any CPU
		{29C7EC73-62FB-46E7-A21C-73CE07760743}.Debug|Any CPU.Build.0 = Debug|Any CPU
		{29C7EC73-62FB-46E7-A21C-73CE07760743}.Release|Any CPU.ActiveCfg = Release|Any CPU
		{29C7EC73-62FB-46E7-A21C-73CE07760743}.Release|Any CPU.Build.0 = Release|Any CPU
	EndGlobalSection
	GlobalSection(SolutionProperties) = preSolution
		HideSolutionNode = FALSE
	EndGlobalSection
	GlobalSection(ExtensibilityGlobals) = postSolution
		SolutionGuid = {5D83A870-CA30-4D98-850D-6B63F847B201}
	EndGlobalSection
EndGlobal
